
Microsoft Visual Studio Solution File, Format Version 12.00
# Visual Studio Version 17
VisualStudioVersion = 17.2.32526.322
MinimumVisualStudioVersion = 10.0.40219.1
Project("{888888A0-9F3D-457C-B088-3A5042F75D52}") = "Capstone_Project", "Capstone_Project\Capstone_Project.pyproj", "{7ECFE560-F7B5-40B8-9E80-BCDE2F0BB30D}"
EndProject
Global
	GlobalSection(SolutionConfigurationPlatforms) = preSolution
		Debug|Any CPU = Debug|Any CPU
		Release|Any CPU = Release|Any CPU
	EndGlobalSection
	GlobalSection(ProjectConfigurationPlatforms) = postSolution
		{7ECFE560-F7B5-40B8-9E80-BCDE2F0BB30D}.Debug|Any CPU.ActiveCfg = Debug|Any CPU
		{7ECFE560-F7B5-40B8-9E80-BCDE2F0BB30D}.Release|Any CPU.ActiveCfg = Release|Any CPU
	EndGlobalSection
	GlobalSection(SolutionProperties) = preSolution
		HideSolutionNode = FALSE
	EndGlobalSection
	GlobalSection(ExtensibilityGlobals) = postSolution
		SolutionGuid = {0FCE50D5-6F92-44CF-BD80-5FD324DED4A3}
	EndGlobalSection
EndGlobal
